
Microsoft Visual Studio Solution File, Format Version 12.00
# Visual Studio Version 17
VisualStudioVersion = 17.13.35818.85
MinimumVisualStudioVersion = 10.0.40219.1
Project("{FAE04EC0-301F-11D3-BF4B-00C04F79EFBC}") = "Quiz", "Quiz\Quiz.csproj", "{536B3444-4946-4A83-8C95-A0F1B6AE8876}"
EndProject
Project("{FAE04EC0-301F-11D3-BF4B-00C04F79EFBC}") = "MyLittlePonyTest", "MyLittlePonyTest\MyLittlePonyTest.csproj", "{7C5DC8D9-362C-4C23-B99F-769CFEFB1491}"
EndProject
Project("{FAE04EC0-301F-11D3-BF4B-00C04F79EFBC}") = "NumberSystems", "NumberSystems\NumberSystems.csproj", "{5AFC5A21-BBD4-44F3-8331-E3829F044BEA}"
EndProject
Project("{FAE04EC0-301F-11D3-BF4B-00C04F79EFBC}") = "FuelConsumptionCalculator", "FuelConsumptionCalculator\FuelConsumptionCalculator.csproj", "{BD913087-EB24-4A10-BFD2-1A85CC941398}"
EndProject
Project("{FAE04EC0-301F-11D3-BF4B-00C04F79EFBC}") = "QuotientAndRemainder", "QuotientAndRemainder\QuotientAndRemainder.csproj", "{74ACE2D9-1433-4335-AA15-B06A41F21F34}"
EndProject
Project("{FAE04EC0-301F-11D3-BF4B-00C04F79EFBC}") = "Swap", "Swap\Swap.csproj", "{5FA79F67-B110-4C8D-8B2F-76D6E826D598}"
EndProject
Project("{FAE04EC0-301F-11D3-BF4B-00C04F79EFBC}") = "MaxOfThree", "MaxOfThree\MaxOfThree.csproj", "{9C2E32F8-2E13-4075-AAB0-3F7BADE5AD12}"
EndProject
Project("{FAE04EC0-301F-11D3-BF4B-00C04F79EFBC}") = "QuadraticEquation", "QuadraticEquation\QuadraticEquation.csproj", "{EEBF1501-3DF4-4731-9674-B5889C865531}"
EndProject
Project("{FAE04EC0-301F-11D3-BF4B-00C04F79EFBC}") = "LeapYear", "LeapYear\LeapYear.csproj", "{6B78A4F9-0B92-4B04-B1C2-704F42540E50}"
EndProject
Project("{FAE04EC0-301F-11D3-BF4B-00C04F79EFBC}") = "SumOfNumbers", "SumOfNumbers\SumOfNumbers.csproj", "{CCA83E2D-FBFC-42D5-BFB5-A733B052FEE7}"
EndProject
Global
	GlobalSection(SolutionConfigurationPlatforms) = preSolution
		Debug|Any CPU = Debug|Any CPU
		Release|Any CPU = Release|Any CPU
	EndGlobalSection
	GlobalSection(ProjectConfigurationPlatforms) = postSolution
		{536B3444-4946-4A83-8C95-A0F1B6AE8876}.Debug|Any CPU.ActiveCfg = Debug|Any CPU
		{536B3444-4946-4A83-8C95-A0F1B6AE8876}.Debug|Any CPU.Build.0 = Debug|Any CPU
		{536B3444-4946-4A83-8C95-A0F1B6AE8876}.Release|Any CPU.ActiveCfg = Release|Any CPU
		{536B3444-4946-4A83-8C95-A0F1B6AE8876}.Release|Any CPU.Build.0 = Release|Any CPU
		{7C5DC8D9-362C-4C23-B99F-769CFEFB1491}.Debug|Any CPU.ActiveCfg = Debug|Any CPU
		{7C5DC8D9-362C-4C23-B99F-769CFEFB1491}.Debug|Any CPU.Build.0 = Debug|Any CPU
		{7C5DC8D9-362C-4C23-B99F-769CFEFB1491}.Release|Any CPU.ActiveCfg = Release|Any CPU
		{7C5DC8D9-362C-4C23-B99F-769CFEFB1491}.Release|Any CPU.Build.0 = Release|Any CPU
		{5AFC5A21-BBD4-44F3-8331-E3829F044BEA}.Debug|Any CPU.ActiveCfg = Debug|Any CPU
		{5AFC5A21-BBD4-44F3-8331-E3829F044BEA}.Debug|Any CPU.Build.0 = Debug|Any CPU
		{5AFC5A21-BBD4-44F3-8331-E3829F044BEA}.Release|Any CPU.ActiveCfg = Release|Any CPU
		{5AFC5A21-BBD4-44F3-8331-E3829F044BEA}.Release|Any CPU.Build.0 = Release|Any CPU
		{BD913087-EB24-4A10-BFD2-1A85CC941398}.Debug|Any CPU.ActiveCfg = Debug|Any CPU
		{BD913087-EB24-4A10-BFD2-1A85CC941398}.Debug|Any CPU.Build.0 = Debug|Any CPU
		{BD913087-EB24-4A10-BFD2-1A85CC941398}.Release|Any CPU.ActiveCfg = Release|Any CPU
		{BD913087-EB24-4A10-BFD2-1A85CC941398}.Release|Any CPU.Build.0 = Release|Any CPU
		{74ACE2D9-1433-4335-AA15-B06A41F21F34}.Debug|Any CPU.ActiveCfg = Debug|Any CPU
		{74ACE2D9-1433-4335-AA15-B06A41F21F34}.Debug|Any CPU.Build.0 = Debug|Any CPU
		{74ACE2D9-1433-4335-AA15-B06A41F21F34}.Release|Any CPU.ActiveCfg = Release|Any CPU
		{74ACE2D9-1433-4335-AA15-B06A41F21F34}.Release|Any CPU.Build.0 = Release|Any CPU
		{5FA79F67-B110-4C8D-8B2F-76D6E826D598}.Debug|Any CPU.ActiveCfg = Debug|Any CPU
		{5FA79F67-B110-4C8D-8B2F-76D6E826D598}.Debug|Any CPU.Build.0 = Debug|Any CPU
		{5FA79F67-B110-4C8D-8B2F-76D6E826D598}.Release|Any CPU.ActiveCfg = Release|Any CPU
		{5FA79F67-B110-4C8D-8B2F-76D6E826D598}.Release|Any CPU.Build.0 = Release|Any CPU
		{9C2E32F8-2E13-4075-AAB0-3F7BADE5AD12}.Debug|Any CPU.ActiveCfg = Debug|Any CPU
		{9C2E32F8-2E13-4075-AAB0-3F7BADE5AD12}.Debug|Any CPU.Build.0 = Debug|Any CPU
		{9C2E32F8-2E13-4075-AAB0-3F7BADE5AD12}.Release|Any CPU.ActiveCfg = Release|Any CPU
		{9C2E32F8-2E13-4075-AAB0-3F7BADE5AD12}.Release|Any CPU.Build.0 = Release|Any CPU
		{EEBF1501-3DF4-4731-9674-B5889C865531}.Debug|Any CPU.ActiveCfg = Debug|Any CPU
		{EEBF1501-3DF4-4731-9674-B5889C865531}.Debug|Any CPU.Build.0 = Debug|Any CPU
		{EEBF1501-3DF4-4731-9674-B5889C865531}.Release|Any CPU.ActiveCfg = Release|Any CPU
		{EEBF1501-3DF4-4731-9674-B5889C865531}.Release|Any CPU.Build.0 = Release|Any CPU
		{6B78A4F9-0B92-4B04-B1C2-704F42540E50}.Debug|Any CPU.ActiveCfg = Debug|Any CPU
		{6B78A4F9-0B92-4B04-B1C2-704F42540E50}.Debug|Any CPU.Build.0 = Debug|Any CPU
		{6B78A4F9-0B92-4B04-B1C2-704F42540E50}.Release|Any CPU.ActiveCfg = Release|Any CPU
		{6B78A4F9-0B92-4B04-B1C2-704F42540E50}.Release|Any CPU.Build.0 = Release|Any CPU
		{CCA83E2D-FBFC-42D5-BFB5-A733B052FEE7}.Debug|Any CPU.ActiveCfg = Debug|Any CPU
		{CCA83E2D-FBFC-42D5-BFB5-A733B052FEE7}.Debug|Any CPU.Build.0 = Debug|Any CPU
		{CCA83E2D-FBFC-42D5-BFB5-A733B052FEE7}.Release|Any CPU.ActiveCfg = Release|Any CPU
		{CCA83E2D-FBFC-42D5-BFB5-A733B052FEE7}.Release|Any CPU.Build.0 = Release|Any CPU
	EndGlobalSection
	GlobalSection(SolutionProperties) = preSolution
		HideSolutionNode = FALSE
	EndGlobalSection
	GlobalSection(ExtensibilityGlobals) = postSolution
		SolutionGuid = {A2A07D4B-2316-4EE4-9C00-8D60CCA62FB4}
	EndGlobalSection
EndGlobal
