
Microsoft Visual Studio Solution File, Format Version 12.00
# Visual Studio Version 17
VisualStudioVersion = 17.13.35818.85
MinimumVisualStudioVersion = 10.0.40219.1
Project("{FAE04EC0-301F-11D3-BF4B-00C04F79EFBC}") = "Quiz", "Quiz\Quiz.csproj", "{536B3444-4946-4A83-8C95-A0F1B6AE8876}"
EndProject
Project("{FAE04EC0-301F-11D3-BF4B-00C04F79EFBC}") = "MyLittlePonyTest", "MyLittlePonyTest\MyLittlePonyTest.csproj", "{7C5DC8D9-362C-4C23-B99F-769CFEFB1491}"
EndProject
Project("{FAE04EC0-301F-11D3-BF4B-00C04F79EFBC}") = "NumberSystems", "NumberSystems\NumberSystems.csproj", "{5AFC5A21-BBD4-44F3-8331-E3829F044BEA}"
EndProject
Project("{FAE04EC0-301F-11D3-BF4B-00C04F79EFBC}") = "FuelConsumptionCalculator", "FuelConsumptionCalculator\FuelConsumptionCalculator.csproj", "{BD913087-EB24-4A10-BFD2-1A85CC941398}"
EndProject
Project("{FAE04EC0-301F-11D3-BF4B-00C04F79EFBC}") = "QuotientAndRemainder", "QuotientAndRemainder\QuotientAndRemainder.csproj", "{74ACE2D9-1433-4335-AA15-B06A41F21F34}"
EndProject
Project("{FAE04EC0-301F-11D3-BF4B-00C04F79EFBC}") = "Swap", "Swap\Swap.csproj", "{5FA79F67-B110-4C8D-8B2F-76D6E826D598}"
EndProject
Project("{FAE04EC0-301F-11D3-BF4B-00C04F79EFBC}") = "MaxOfThree", "MaxOfThree\MaxOfThree.csproj", "{9C2E32F8-2E13-4075-AAB0-3F7BADE5AD12}"
EndProject
Project("{FAE04EC0-301F-11D3-BF4B-00C04F79EFBC}") = "QuadraticEquation", "QuadraticEquation\QuadraticEquation.csproj", "{EEBF1501-3DF4-4731-9674-B5889C865531}"
EndProject
Project("{FAE04EC0-301F-11D3-BF4B-00C04F79EFBC}") = "LeapYear", "LeapYear\LeapYear.csproj", "{6B78A4F9-0B92-4B04-B1C2-704F42540E50}"
EndProject
Project("{FAE04EC0-301F-11D3-BF4B-00C04F79EFBC}") = "SumOfNumbers", "SumOfNumbers\SumOfNumbers.csproj", "{CCA83E2D-FBFC-42D5-BFB5-A733B052FEE7}"
EndProject
Project("{FAE04EC0-301F-11D3-BF4B-00C04F79EFBC}") = "FactorialNonRecursive", "FactorialNonRecursive\FactorialNonRecursive.csproj", "{C5E00C75-ACC1-49DF-AAF8-699398AFA551}"
EndProject
Project("{2150E333-8FDC-42A3-9474-1A3956D46DE8}") = "01 - Викторины", "01 - Викторины", "{36D591C7-65C7-A0D1-1CBC-10CDE441BDC8}"
EndProject
Project("{2150E333-8FDC-42A3-9474-1A3956D46DE8}") = "02 - Системы счисления", "02 - Системы счисления", "{0A5FE3DB-A00D-488B-BDA7-79A2256550D6}"
EndProject
Project("{FAE04EC0-301F-11D3-BF4B-00C04F79EFBC}") = "CountOddNumbers", "CountOddNumbers\CountOddNumbers.csproj", "{4A7C3D88-DDE0-4253-A4BA-CB55BCED7E71}"
EndProject
Project("{FAE04EC0-301F-11D3-BF4B-00C04F79EFBC}") = "GreatestCommonDivisor", "GreatestCommonDivisor\GreatestCommonDivisor.csproj", "{5F9687D1-A8DB-4E5A-AC60-E1765A114DAC}"
EndProject
Project("{FAE04EC0-301F-11D3-BF4B-00C04F79EFBC}") = "LeastCommonMultiple", "LeastCommonMultiple\LeastCommonMultiple.csproj", "{7BE8744F-C6A5-4A2A-AEA1-8322ADBBD0F4}"
EndProject
Project("{FAE04EC0-301F-11D3-BF4B-00C04F79EFBC}") = "NumbersCount", "NumbersCount\NumbersCount.csproj", "{8E0EA9E1-9DD8-4D8A-AE7B-00E1E9F07829}"
EndProject
Project("{FAE04EC0-301F-11D3-BF4B-00C04F79EFBC}") = "ReverseNumber", "ReverseNumber\ReverseNumber.csproj", "{4948F28B-E541-44B3-896D-190CC67BCC13}"
EndProject
Project("{FAE04EC0-301F-11D3-BF4B-00C04F79EFBC}") = "Palindrome", "Palindrome\Palindrome.csproj", "{A5548C3F-CD34-4511-B220-1F2FD8602394}"
EndProject
Project("{FAE04EC0-301F-11D3-BF4B-00C04F79EFBC}") = "SimpleDigit", "SimpleDigit\SimpleDigit.csproj", "{1BD39CA2-DB02-459A-B1D4-E1DF57E0B6E4}"
EndProject
Project("{FAE04EC0-301F-11D3-BF4B-00C04F79EFBC}") = "SimpleCalculator", "SimpleCalculator\SimpleCalculator.csproj", "{DCC08790-461C-4AA5-85E0-9635136A2AF6}"
EndProject
Project("{2150E333-8FDC-42A3-9474-1A3956D46DE8}") = "03 - Пройдено", "03 - Пройдено", "{3378BCB9-96B2-466E-91C9-1D240AF0B16E}"
EndProject
Global
	GlobalSection(SolutionConfigurationPlatforms) = preSolution
		Debug|Any CPU = Debug|Any CPU
		Release|Any CPU = Release|Any CPU
	EndGlobalSection
	GlobalSection(ProjectConfigurationPlatforms) = postSolution
		{536B3444-4946-4A83-8C95-A0F1B6AE8876}.Debug|Any CPU.ActiveCfg = Debug|Any CPU
		{536B3444-4946-4A83-8C95-A0F1B6AE8876}.Debug|Any CPU.Build.0 = Debug|Any CPU
		{536B3444-4946-4A83-8C95-A0F1B6AE8876}.Release|Any CPU.ActiveCfg = Release|Any CPU
		{536B3444-4946-4A83-8C95-A0F1B6AE8876}.Release|Any CPU.Build.0 = Release|Any CPU
		{7C5DC8D9-362C-4C23-B99F-769CFEFB1491}.Debug|Any CPU.ActiveCfg = Debug|Any CPU
		{7C5DC8D9-362C-4C23-B99F-769CFEFB1491}.Debug|Any CPU.Build.0 = Debug|Any CPU
		{7C5DC8D9-362C-4C23-B99F-769CFEFB1491}.Release|Any CPU.ActiveCfg = Release|Any CPU
		{7C5DC8D9-362C-4C23-B99F-769CFEFB1491}.Release|Any CPU.Build.0 = Release|Any CPU
		{5AFC5A21-BBD4-44F3-8331-E3829F044BEA}.Debug|Any CPU.ActiveCfg = Debug|Any CPU
		{5AFC5A21-BBD4-44F3-8331-E3829F044BEA}.Debug|Any CPU.Build.0 = Debug|Any CPU
		{5AFC5A21-BBD4-44F3-8331-E3829F044BEA}.Release|Any CPU.ActiveCfg = Release|Any CPU
		{5AFC5A21-BBD4-44F3-8331-E3829F044BEA}.Release|Any CPU.Build.0 = Release|Any CPU
		{BD913087-EB24-4A10-BFD2-1A85CC941398}.Debug|Any CPU.ActiveCfg = Debug|Any CPU
		{BD913087-EB24-4A10-BFD2-1A85CC941398}.Debug|Any CPU.Build.0 = Debug|Any CPU
		{BD913087-EB24-4A10-BFD2-1A85CC941398}.Release|Any CPU.ActiveCfg = Release|Any CPU
		{BD913087-EB24-4A10-BFD2-1A85CC941398}.Release|Any CPU.Build.0 = Release|Any CPU
		{74ACE2D9-1433-4335-AA15-B06A41F21F34}.Debug|Any CPU.ActiveCfg = Debug|Any CPU
		{74ACE2D9-1433-4335-AA15-B06A41F21F34}.Debug|Any CPU.Build.0 = Debug|Any CPU
		{74ACE2D9-1433-4335-AA15-B06A41F21F34}.Release|Any CPU.ActiveCfg = Release|Any CPU
		{74ACE2D9-1433-4335-AA15-B06A41F21F34}.Release|Any CPU.Build.0 = Release|Any CPU
		{5FA79F67-B110-4C8D-8B2F-76D6E826D598}.Debug|Any CPU.ActiveCfg = Debug|Any CPU
		{5FA79F67-B110-4C8D-8B2F-76D6E826D598}.Debug|Any CPU.Build.0 = Debug|Any CPU
		{5FA79F67-B110-4C8D-8B2F-76D6E826D598}.Release|Any CPU.ActiveCfg = Release|Any CPU
		{5FA79F67-B110-4C8D-8B2F-76D6E826D598}.Release|Any CPU.Build.0 = Release|Any CPU
		{9C2E32F8-2E13-4075-AAB0-3F7BADE5AD12}.Debug|Any CPU.ActiveCfg = Debug|Any CPU
		{9C2E32F8-2E13-4075-AAB0-3F7BADE5AD12}.Debug|Any CPU.Build.0 = Debug|Any CPU
		{9C2E32F8-2E13-4075-AAB0-3F7BADE5AD12}.Release|Any CPU.ActiveCfg = Release|Any CPU
		{9C2E32F8-2E13-4075-AAB0-3F7BADE5AD12}.Release|Any CPU.Build.0 = Release|Any CPU
		{EEBF1501-3DF4-4731-9674-B5889C865531}.Debug|Any CPU.ActiveCfg = Debug|Any CPU
		{EEBF1501-3DF4-4731-9674-B5889C865531}.Debug|Any CPU.Build.0 = Debug|Any CPU
		{EEBF1501-3DF4-4731-9674-B5889C865531}.Release|Any CPU.ActiveCfg = Release|Any CPU
		{EEBF1501-3DF4-4731-9674-B5889C865531}.Release|Any CPU.Build.0 = Release|Any CPU
		{6B78A4F9-0B92-4B04-B1C2-704F42540E50}.Debug|Any CPU.ActiveCfg = Debug|Any CPU
		{6B78A4F9-0B92-4B04-B1C2-704F42540E50}.Debug|Any CPU.Build.0 = Debug|Any CPU
		{6B78A4F9-0B92-4B04-B1C2-704F42540E50}.Release|Any CPU.ActiveCfg = Release|Any CPU
		{6B78A4F9-0B92-4B04-B1C2-704F42540E50}.Release|Any CPU.Build.0 = Release|Any CPU
		{CCA83E2D-FBFC-42D5-BFB5-A733B052FEE7}.Debug|Any CPU.ActiveCfg = Debug|Any CPU
		{CCA83E2D-FBFC-42D5-BFB5-A733B052FEE7}.Debug|Any CPU.Build.0 = Debug|Any CPU
		{CCA83E2D-FBFC-42D5-BFB5-A733B052FEE7}.Release|Any CPU.ActiveCfg = Release|Any CPU
		{CCA83E2D-FBFC-42D5-BFB5-A733B052FEE7}.Release|Any CPU.Build.0 = Release|Any CPU
		{C5E00C75-ACC1-49DF-AAF8-699398AFA551}.Debug|Any CPU.ActiveCfg = Debug|Any CPU
		{C5E00C75-ACC1-49DF-AAF8-699398AFA551}.Debug|Any CPU.Build.0 = Debug|Any CPU
		{C5E00C75-ACC1-49DF-AAF8-699398AFA551}.Release|Any CPU.ActiveCfg = Release|Any CPU
		{C5E00C75-ACC1-49DF-AAF8-699398AFA551}.Release|Any CPU.Build.0 = Release|Any CPU
		{4A7C3D88-DDE0-4253-A4BA-CB55BCED7E71}.Debug|Any CPU.ActiveCfg = Debug|Any CPU
		{4A7C3D88-DDE0-4253-A4BA-CB55BCED7E71}.Debug|Any CPU.Build.0 = Debug|Any CPU
		{4A7C3D88-DDE0-4253-A4BA-CB55BCED7E71}.Release|Any CPU.ActiveCfg = Release|Any CPU
		{4A7C3D88-DDE0-4253-A4BA-CB55BCED7E71}.Release|Any CPU.Build.0 = Release|Any CPU
		{5F9687D1-A8DB-4E5A-AC60-E1765A114DAC}.Debug|Any CPU.ActiveCfg = Debug|Any CPU
		{5F9687D1-A8DB-4E5A-AC60-E1765A114DAC}.Debug|Any CPU.Build.0 = Debug|Any CPU
		{5F9687D1-A8DB-4E5A-AC60-E1765A114DAC}.Release|Any CPU.ActiveCfg = Release|Any CPU
		{5F9687D1-A8DB-4E5A-AC60-E1765A114DAC}.Release|Any CPU.Build.0 = Release|Any CPU
		{7BE8744F-C6A5-4A2A-AEA1-8322ADBBD0F4}.Debug|Any CPU.ActiveCfg = Debug|Any CPU
		{7BE8744F-C6A5-4A2A-AEA1-8322ADBBD0F4}.Debug|Any CPU.Build.0 = Debug|Any CPU
		{7BE8744F-C6A5-4A2A-AEA1-8322ADBBD0F4}.Release|Any CPU.ActiveCfg = Release|Any CPU
		{7BE8744F-C6A5-4A2A-AEA1-8322ADBBD0F4}.Release|Any CPU.Build.0 = Release|Any CPU
		{8E0EA9E1-9DD8-4D8A-AE7B-00E1E9F07829}.Debug|Any CPU.ActiveCfg = Debug|Any CPU
		{8E0EA9E1-9DD8-4D8A-AE7B-00E1E9F07829}.Debug|Any CPU.Build.0 = Debug|Any CPU
		{8E0EA9E1-9DD8-4D8A-AE7B-00E1E9F07829}.Release|Any CPU.ActiveCfg = Release|Any CPU
		{8E0EA9E1-9DD8-4D8A-AE7B-00E1E9F07829}.Release|Any CPU.Build.0 = Release|Any CPU
		{4948F28B-E541-44B3-896D-190CC67BCC13}.Debug|Any CPU.ActiveCfg = Debug|Any CPU
		{4948F28B-E541-44B3-896D-190CC67BCC13}.Debug|Any CPU.Build.0 = Debug|Any CPU
		{4948F28B-E541-44B3-896D-190CC67BCC13}.Release|Any CPU.ActiveCfg = Release|Any CPU
		{4948F28B-E541-44B3-896D-190CC67BCC13}.Release|Any CPU.Build.0 = Release|Any CPU
		{A5548C3F-CD34-4511-B220-1F2FD8602394}.Debug|Any CPU.ActiveCfg = Debug|Any CPU
		{A5548C3F-CD34-4511-B220-1F2FD8602394}.Debug|Any CPU.Build.0 = Debug|Any CPU
		{A5548C3F-CD34-4511-B220-1F2FD8602394}.Release|Any CPU.ActiveCfg = Release|Any CPU
		{A5548C3F-CD34-4511-B220-1F2FD8602394}.Release|Any CPU.Build.0 = Release|Any CPU
		{1BD39CA2-DB02-459A-B1D4-E1DF57E0B6E4}.Debug|Any CPU.ActiveCfg = Debug|Any CPU
		{1BD39CA2-DB02-459A-B1D4-E1DF57E0B6E4}.Debug|Any CPU.Build.0 = Debug|Any CPU
		{1BD39CA2-DB02-459A-B1D4-E1DF57E0B6E4}.Release|Any CPU.ActiveCfg = Release|Any CPU
		{1BD39CA2-DB02-459A-B1D4-E1DF57E0B6E4}.Release|Any CPU.Build.0 = Release|Any CPU
		{DCC08790-461C-4AA5-85E0-9635136A2AF6}.Debug|Any CPU.ActiveCfg = Debug|Any CPU
		{DCC08790-461C-4AA5-85E0-9635136A2AF6}.Debug|Any CPU.Build.0 = Debug|Any CPU
		{DCC08790-461C-4AA5-85E0-9635136A2AF6}.Release|Any CPU.ActiveCfg = Release|Any CPU
		{DCC08790-461C-4AA5-85E0-9635136A2AF6}.Release|Any CPU.Build.0 = Release|Any CPU
	EndGlobalSection
	GlobalSection(SolutionProperties) = preSolution
		HideSolutionNode = FALSE
	EndGlobalSection
	GlobalSection(NestedProjects) = preSolution
		{536B3444-4946-4A83-8C95-A0F1B6AE8876} = {36D591C7-65C7-A0D1-1CBC-10CDE441BDC8}
		{7C5DC8D9-362C-4C23-B99F-769CFEFB1491} = {36D591C7-65C7-A0D1-1CBC-10CDE441BDC8}
		{5AFC5A21-BBD4-44F3-8331-E3829F044BEA} = {0A5FE3DB-A00D-488B-BDA7-79A2256550D6}
		{BD913087-EB24-4A10-BFD2-1A85CC941398} = {3378BCB9-96B2-466E-91C9-1D240AF0B16E}
		{C5E00C75-ACC1-49DF-AAF8-699398AFA551} = {3378BCB9-96B2-466E-91C9-1D240AF0B16E}
		{4A7C3D88-DDE0-4253-A4BA-CB55BCED7E71} = {3378BCB9-96B2-466E-91C9-1D240AF0B16E}
		{5F9687D1-A8DB-4E5A-AC60-E1765A114DAC} = {3378BCB9-96B2-466E-91C9-1D240AF0B16E}
	EndGlobalSection
	GlobalSection(ExtensibilityGlobals) = postSolution
		SolutionGuid = {A2A07D4B-2316-4EE4-9C00-8D60CCA62FB4}
	EndGlobalSection
EndGlobal
